// !$*UTF8*$!
{
	archiveVersion = 1;
	classes = {
	};
	objectVersion = 77;
	objects = {

/* Begin PBXBuildFile section */
		00B344F1BD598E36A16C6BDF /* Pods_CeciStyleAdmin.framework in Frameworks */ = {isa = PBXBuildFile; fileRef = 9F9BF39C03AACAF576298C19 /* Pods_CeciStyleAdmin.framework */; };
		7A1EA73E2DBFC3F800AD50D7 /* Assets.xcassets in Resources */ = {isa = PBXBuildFile; fileRef = 7A1EA73D2DBFC3F800AD50D7 /* Assets.xcassets */; };
		7A1EA7462DBFF35000AD50D7 /* LoginView.swift in Sources */ = {isa = PBXBuildFile; fileRef = 7A1EA7452DBFF35000AD50D7 /* LoginView.swift */; };
		7A1EA7482DBFF86600AD50D7 /* FaceIDLoginView.swift in Sources */ = {isa = PBXBuildFile; fileRef = 7A1EA7472DBFF86500AD50D7 /* FaceIDLoginView.swift */; };
		7A1EA74B2DC00DDE00AD50D7 /* TokenInterceptor.swift in Sources */ = {isa = PBXBuildFile; fileRef = 7A1EA74A2DC00DDE00AD50D7 /* TokenInterceptor.swift */; };
		7A1EA74E2DC00DFF00AD50D7 /* SessionManager.swift in Sources */ = {isa = PBXBuildFile; fileRef = 7A1EA74D2DC00DFF00AD50D7 /* SessionManager.swift */; };
		7A1EA7502DC01BFC00AD50D7 /* SettingService.swift in Sources */ = {isa = PBXBuildFile; fileRef = 7A1EA74F2DC01BFC00AD50D7 /* SettingService.swift */; };
		7A1EA7522DC01CC600AD50D7 /* LogoView.swift in Sources */ = {isa = PBXBuildFile; fileRef = 7A1EA7512DC01CC600AD50D7 /* LogoView.swift */; };
		7A1EA7542DC0221100AD50D7 /* SplashScreen.swift in Sources */ = {isa = PBXBuildFile; fileRef = 7A1EA7532DC0221100AD50D7 /* SplashScreen.swift */; };
		7A1EA7562DC0225D00AD50D7 /* CeciStyleRootView.swift in Sources */ = {isa = PBXBuildFile; fileRef = 7A1EA7552DC0225D00AD50D7 /* CeciStyleRootView.swift */; };
		7A1EA7582DC0455C00AD50D7 /* AppointmentDetailView.swift in Sources */ = {isa = PBXBuildFile; fileRef = 7A1EA7572DC0455C00AD50D7 /* AppointmentDetailView.swift */; };
		7A1EA75A2DC0464C00AD50D7 /* AppointmentAddView.swift in Sources */ = {isa = PBXBuildFile; fileRef = 7A1EA7592DC0464C00AD50D7 /* AppointmentAddView.swift */; };
		7A1EA75C2DC0466200AD50D7 /* AppointmentEditView.swift in Sources */ = {isa = PBXBuildFile; fileRef = 7A1EA75B2DC0466200AD50D7 /* AppointmentEditView.swift */; };
		7A1EA75E2DC1077700AD50D7 /* Service.swift in Sources */ = {isa = PBXBuildFile; fileRef = 7A1EA75D2DC1077700AD50D7 /* Service.swift */; };
		7A1EA7602DC1097600AD50D7 /* ServicesService.swift in Sources */ = {isa = PBXBuildFile; fileRef = 7A1EA75F2DC1097600AD50D7 /* ServicesService.swift */; };
		7A1EA76A2DC1FD1800AD50D7 /* Config.swift in Sources */ = {isa = PBXBuildFile; fileRef = 7A1EA7692DC1FD1800AD50D7 /* Config.swift */; };
		7A1EA7702DC53F4D00AD50D7 /* AppointmentSectionView.swift in Sources */ = {isa = PBXBuildFile; fileRef = 7A1EA76F2DC53F4D00AD50D7 /* AppointmentSectionView.swift */; };
		7A74D9A32DBDD17A00887B02 /* CeciStyleAdminApp.swift in Sources */ = {isa = PBXBuildFile; fileRef = 7A74D9A22DBDD17A00887B02 /* CeciStyleAdminApp.swift */; };
		7A74D9A52DBDD17A00887B02 /* ContentView.swift in Sources */ = {isa = PBXBuildFile; fileRef = 7A74D9A42DBDD17A00887B02 /* ContentView.swift */; };
		7A74D9CB2DBDD2F600887B02 /* Appointment.swift in Sources */ = {isa = PBXBuildFile; fileRef = 7A74D9CA2DBDD2F600887B02 /* Appointment.swift */; };
		7A74D9CE2DBDD4D600887B02 /* AppointmentService.swift in Sources */ = {isa = PBXBuildFile; fileRef = 7A74D9CD2DBDD4D600887B02 /* AppointmentService.swift */; };
		7A74D9D12DBDEE0100887B02 /* AppointmentListView.swift in Sources */ = {isa = PBXBuildFile; fileRef = 7A74D9D02DBDEE0100887B02 /* AppointmentListView.swift */; };
		7A74D9D32DBE053A00887B02 /* AppointmentRow.swift in Sources */ = {isa = PBXBuildFile; fileRef = 7A74D9D22DBE053A00887B02 /* AppointmentRow.swift */; };
		7AA780572DD7FD1500943FBF /* GoogleService-Info.plist in Resources */ = {isa = PBXBuildFile; fileRef = 7AA780562DD7FD1500943FBF /* GoogleService-Info.plist */; platformFilter = ios; };
		7AA780592DD80A0F00943FBF /* NotificationDelegate.swift in Sources */ = {isa = PBXBuildFile; fileRef = 7AA780582DD80A0F00943FBF /* NotificationDelegate.swift */; };
/* End PBXBuildFile section */

/* Begin PBXContainerItemProxy section */
		7A74D9AD2DBDD17E00887B02 /* PBXContainerItemProxy */ = {
			isa = PBXContainerItemProxy;
			containerPortal = 7A74D9972DBDD17A00887B02 /* Project object */;
			proxyType = 1;
			remoteGlobalIDString = 7A74D99E2DBDD17A00887B02;
			remoteInfo = CeciStyleAdmin;
		};
		7A74D9B72DBDD17E00887B02 /* PBXContainerItemProxy */ = {
			isa = PBXContainerItemProxy;
			containerPortal = 7A74D9972DBDD17A00887B02 /* Project object */;
			proxyType = 1;
			remoteGlobalIDString = 7A74D99E2DBDD17A00887B02;
			remoteInfo = CeciStyleAdmin;
		};
/* End PBXContainerItemProxy section */

/* Begin PBXFileReference section */
		17FF3D66BA34BC22AFB93BD6 /* Pods-CeciStyleAdmin.debug.xcconfig */ = {isa = PBXFileReference; includeInIndex = 1; lastKnownFileType = text.xcconfig; name = "Pods-CeciStyleAdmin.debug.xcconfig"; path = "Target Support Files/Pods-CeciStyleAdmin/Pods-CeciStyleAdmin.debug.xcconfig"; sourceTree = "<group>"; };
		757EA5F825B05F781B686870 /* Pods-CeciStyleAdmin.release.xcconfig */ = {isa = PBXFileReference; includeInIndex = 1; lastKnownFileType = text.xcconfig; name = "Pods-CeciStyleAdmin.release.xcconfig"; path = "Target Support Files/Pods-CeciStyleAdmin/Pods-CeciStyleAdmin.release.xcconfig"; sourceTree = "<group>"; };
		7A1EA73D2DBFC3F800AD50D7 /* Assets.xcassets */ = {isa = PBXFileReference; lastKnownFileType = folder.assetcatalog; path = Assets.xcassets; sourceTree = "<group>"; };
		7A1EA7452DBFF35000AD50D7 /* LoginView.swift */ = {isa = PBXFileReference; lastKnownFileType = sourcecode.swift; path = LoginView.swift; sourceTree = "<group>"; };
		7A1EA7472DBFF86500AD50D7 /* FaceIDLoginView.swift */ = {isa = PBXFileReference; lastKnownFileType = sourcecode.swift; path = FaceIDLoginView.swift; sourceTree = "<group>"; };
		7A1EA74A2DC00DDE00AD50D7 /* TokenInterceptor.swift */ = {isa = PBXFileReference; lastKnownFileType = sourcecode.swift; path = TokenInterceptor.swift; sourceTree = "<group>"; };
		7A1EA74D2DC00DFF00AD50D7 /* SessionManager.swift */ = {isa = PBXFileReference; lastKnownFileType = sourcecode.swift; path = SessionManager.swift; sourceTree = "<group>"; };
		7A1EA74F2DC01BFC00AD50D7 /* SettingService.swift */ = {isa = PBXFileReference; lastKnownFileType = sourcecode.swift; path = SettingService.swift; sourceTree = "<group>"; };
		7A1EA7512DC01CC600AD50D7 /* LogoView.swift */ = {isa = PBXFileReference; lastKnownFileType = sourcecode.swift; path = LogoView.swift; sourceTree = "<group>"; };
		7A1EA7532DC0221100AD50D7 /* SplashScreen.swift */ = {isa = PBXFileReference; lastKnownFileType = sourcecode.swift; path = SplashScreen.swift; sourceTree = "<group>"; };
		7A1EA7552DC0225D00AD50D7 /* CeciStyleRootView.swift */ = {isa = PBXFileReference; lastKnownFileType = sourcecode.swift; path = CeciStyleRootView.swift; sourceTree = "<group>"; };
		7A1EA7572DC0455C00AD50D7 /* AppointmentDetailView.swift */ = {isa = PBXFileReference; lastKnownFileType = sourcecode.swift; path = AppointmentDetailView.swift; sourceTree = "<group>"; };
		7A1EA7592DC0464C00AD50D7 /* AppointmentAddView.swift */ = {isa = PBXFileReference; lastKnownFileType = sourcecode.swift; path = AppointmentAddView.swift; sourceTree = "<group>"; };
		7A1EA75B2DC0466200AD50D7 /* AppointmentEditView.swift */ = {isa = PBXFileReference; lastKnownFileType = sourcecode.swift; path = AppointmentEditView.swift; sourceTree = "<group>"; };
		7A1EA75D2DC1077700AD50D7 /* Service.swift */ = {isa = PBXFileReference; lastKnownFileType = sourcecode.swift; path = Service.swift; sourceTree = "<group>"; };
		7A1EA75F2DC1097600AD50D7 /* ServicesService.swift */ = {isa = PBXFileReference; lastKnownFileType = sourcecode.swift; path = ServicesService.swift; sourceTree = "<group>"; };
		7A1EA7672DC1F76200AD50D7 /* Info.plist */ = {isa = PBXFileReference; lastKnownFileType = text.plist.xml; path = Info.plist; sourceTree = "<group>"; };
		7A1EA7692DC1FD1800AD50D7 /* Config.swift */ = {isa = PBXFileReference; lastKnownFileType = sourcecode.swift; path = Config.swift; sourceTree = "<group>"; };
		7A1EA76F2DC53F4D00AD50D7 /* AppointmentSectionView.swift */ = {isa = PBXFileReference; lastKnownFileType = sourcecode.swift; path = AppointmentSectionView.swift; sourceTree = "<group>"; };
		7A74D99F2DBDD17A00887B02 /* CeciStyleAdmin.app */ = {isa = PBXFileReference; explicitFileType = wrapper.application; includeInIndex = 0; path = CeciStyleAdmin.app; sourceTree = BUILT_PRODUCTS_DIR; };
		7A74D9A22DBDD17A00887B02 /* CeciStyleAdminApp.swift */ = {isa = PBXFileReference; lastKnownFileType = sourcecode.swift; path = CeciStyleAdminApp.swift; sourceTree = "<group>"; };
		7A74D9A42DBDD17A00887B02 /* ContentView.swift */ = {isa = PBXFileReference; lastKnownFileType = sourcecode.swift; path = ContentView.swift; sourceTree = "<group>"; };
		7A74D9AC2DBDD17E00887B02 /* CeciStyleAdminTests.xctest */ = {isa = PBXFileReference; explicitFileType = wrapper.cfbundle; includeInIndex = 0; path = CeciStyleAdminTests.xctest; sourceTree = BUILT_PRODUCTS_DIR; };
		7A74D9B62DBDD17E00887B02 /* CeciStyleAdminUITests.xctest */ = {isa = PBXFileReference; explicitFileType = wrapper.cfbundle; includeInIndex = 0; path = CeciStyleAdminUITests.xctest; sourceTree = BUILT_PRODUCTS_DIR; };
		7A74D9CA2DBDD2F600887B02 /* Appointment.swift */ = {isa = PBXFileReference; lastKnownFileType = sourcecode.swift; path = Appointment.swift; sourceTree = "<group>"; };
		7A74D9CD2DBDD4D600887B02 /* AppointmentService.swift */ = {isa = PBXFileReference; lastKnownFileType = sourcecode.swift; path = AppointmentService.swift; sourceTree = "<group>"; };
		7A74D9D02DBDEE0100887B02 /* AppointmentListView.swift */ = {isa = PBXFileReference; lastKnownFileType = sourcecode.swift; path = AppointmentListView.swift; sourceTree = "<group>"; };
		7A74D9D22DBE053A00887B02 /* AppointmentRow.swift */ = {isa = PBXFileReference; lastKnownFileType = sourcecode.swift; path = AppointmentRow.swift; sourceTree = "<group>"; };
		7AA780562DD7FD1500943FBF /* GoogleService-Info.plist */ = {isa = PBXFileReference; lastKnownFileType = text.plist.xml; path = "GoogleService-Info.plist"; sourceTree = "<group>"; };
		7AA780582DD80A0F00943FBF /* NotificationDelegate.swift */ = {isa = PBXFileReference; lastKnownFileType = sourcecode.swift; path = NotificationDelegate.swift; sourceTree = "<group>"; };
		9F9BF39C03AACAF576298C19 /* Pods_CeciStyleAdmin.framework */ = {isa = PBXFileReference; explicitFileType = wrapper.framework; includeInIndex = 0; path = Pods_CeciStyleAdmin.framework; sourceTree = BUILT_PRODUCTS_DIR; };
/* End PBXFileReference section */

/* Begin PBXFrameworksBuildPhase section */
		7A74D99C2DBDD17A00887B02 /* Frameworks */ = {
			isa = PBXFrameworksBuildPhase;
			buildActionMask = 2147483647;
			files = (
				00B344F1BD598E36A16C6BDF /* Pods_CeciStyleAdmin.framework in Frameworks */,
			);
			runOnlyForDeploymentPostprocessing = 0;
		};
		7A74D9A92DBDD17E00887B02 /* Frameworks */ = {
			isa = PBXFrameworksBuildPhase;
			buildActionMask = 2147483647;
			files = (
			);
			runOnlyForDeploymentPostprocessing = 0;
		};
		7A74D9B32DBDD17E00887B02 /* Frameworks */ = {
			isa = PBXFrameworksBuildPhase;
			buildActionMask = 2147483647;
			files = (
			);
			runOnlyForDeploymentPostprocessing = 0;
		};
/* End PBXFrameworksBuildPhase section */

/* Begin PBXGroup section */
		7A1EA7492DC00DA100AD50D7 /* App */ = {
			isa = PBXGroup;
			children = (
				7A74D9A22DBDD17A00887B02 /* CeciStyleAdminApp.swift */,
				7A1EA7552DC0225D00AD50D7 /* CeciStyleRootView.swift */,
			);
			path = App;
			sourceTree = "<group>";
		};
		7A1EA74C2DC00DE900AD50D7 /* Managers */ = {
			isa = PBXGroup;
			children = (
				7A1EA74D2DC00DFF00AD50D7 /* SessionManager.swift */,
			);
			path = Managers;
			sourceTree = "<group>";
		};
		7A74D9962DBDD17A00887B02 = {
			isa = PBXGroup;
			children = (
				7AA780582DD80A0F00943FBF /* NotificationDelegate.swift */,
				7A1EA7692DC1FD1800AD50D7 /* Config.swift */,
				7A1EA7672DC1F76200AD50D7 /* Info.plist */,
				7A1EA74C2DC00DE900AD50D7 /* Managers */,
				7A1EA7492DC00DA100AD50D7 /* App */,
				7A74D9CF2DBDEDE600887B02 /* Views */,
				7A74D9CC2DBDD3E300887B02 /* Services */,
				7A74D9C92DBDD2B500887B02 /* Models */,
				7A74D9A02DBDD17A00887B02 /* Products */,
				7AA780562DD7FD1500943FBF /* GoogleService-Info.plist */,
				94D91207E7DBC2FF067E5F20 /* Pods */,
				D0E441308548194CD70AD358 /* Frameworks */,
			);
			sourceTree = "<group>";
		};
		7A74D9A02DBDD17A00887B02 /* Products */ = {
			isa = PBXGroup;
			children = (
				7A74D99F2DBDD17A00887B02 /* CeciStyleAdmin.app */,
				7A74D9AC2DBDD17E00887B02 /* CeciStyleAdminTests.xctest */,
				7A74D9B62DBDD17E00887B02 /* CeciStyleAdminUITests.xctest */,
			);
			name = Products;
			sourceTree = "<group>";
		};
		7A74D9C92DBDD2B500887B02 /* Models */ = {
			isa = PBXGroup;
			children = (
				7A74D9CA2DBDD2F600887B02 /* Appointment.swift */,
				7A74D9A42DBDD17A00887B02 /* ContentView.swift */,
				7A1EA73D2DBFC3F800AD50D7 /* Assets.xcassets */,
				7A1EA75D2DC1077700AD50D7 /* Service.swift */,
			);
			path = Models;
			sourceTree = "<group>";
		};
		7A74D9CC2DBDD3E300887B02 /* Services */ = {
			isa = PBXGroup;
			children = (
				7A74D9CD2DBDD4D600887B02 /* AppointmentService.swift */,
				7A1EA74A2DC00DDE00AD50D7 /* TokenInterceptor.swift */,
				7A1EA74F2DC01BFC00AD50D7 /* SettingService.swift */,
				7A1EA75F2DC1097600AD50D7 /* ServicesService.swift */,
			);
			path = Services;
			sourceTree = "<group>";
		};
		7A74D9CF2DBDEDE600887B02 /* Views */ = {
			isa = PBXGroup;
			children = (
				7A74D9D02DBDEE0100887B02 /* AppointmentListView.swift */,
				7A74D9D22DBE053A00887B02 /* AppointmentRow.swift */,
				7A1EA7452DBFF35000AD50D7 /* LoginView.swift */,
				7A1EA7472DBFF86500AD50D7 /* FaceIDLoginView.swift */,
				7A1EA7512DC01CC600AD50D7 /* LogoView.swift */,
				7A1EA7532DC0221100AD50D7 /* SplashScreen.swift */,
				7A1EA7572DC0455C00AD50D7 /* AppointmentDetailView.swift */,
				7A1EA7592DC0464C00AD50D7 /* AppointmentAddView.swift */,
				7A1EA75B2DC0466200AD50D7 /* AppointmentEditView.swift */,
				7A1EA76F2DC53F4D00AD50D7 /* AppointmentSectionView.swift */,
			);
			path = Views;
			sourceTree = "<group>";
		};
		94D91207E7DBC2FF067E5F20 /* Pods */ = {
			isa = PBXGroup;
			children = (
				17FF3D66BA34BC22AFB93BD6 /* Pods-CeciStyleAdmin.debug.xcconfig */,
				757EA5F825B05F781B686870 /* Pods-CeciStyleAdmin.release.xcconfig */,
			);
			path = Pods;
			sourceTree = "<group>";
		};
		D0E441308548194CD70AD358 /* Frameworks */ = {
			isa = PBXGroup;
			children = (
				9F9BF39C03AACAF576298C19 /* Pods_CeciStyleAdmin.framework */,
			);
			name = Frameworks;
			sourceTree = "<group>";
		};
/* End PBXGroup section */

/* Begin PBXNativeTarget section */
		7A74D99E2DBDD17A00887B02 /* CeciStyleAdmin */ = {
			isa = PBXNativeTarget;
			buildConfigurationList = 7A74D9C02DBDD17E00887B02 /* Build configuration list for PBXNativeTarget "CeciStyleAdmin" */;
			buildPhases = (
				51FAFD3AA04750341805630E /* [CP] Check Pods Manifest.lock */,
				7A74D99B2DBDD17A00887B02 /* Sources */,
				7A74D99C2DBDD17A00887B02 /* Frameworks */,
				7A74D99D2DBDD17A00887B02 /* Resources */,
				063BC8164DE1C5CF9BBE6292 /* [CP] Embed Pods Frameworks */,
			);
			buildRules = (
			);
			dependencies = (
			);
			name = CeciStyleAdmin;
			productName = CeciStyleAdmin;
			productReference = 7A74D99F2DBDD17A00887B02 /* CeciStyleAdmin.app */;
			productType = "com.apple.product-type.application";
		};
		7A74D9AB2DBDD17E00887B02 /* CeciStyleAdminTests */ = {
			isa = PBXNativeTarget;
			buildConfigurationList = 7A74D9C32DBDD17E00887B02 /* Build configuration list for PBXNativeTarget "CeciStyleAdminTests" */;
			buildPhases = (
				7A74D9A82DBDD17E00887B02 /* Sources */,
				7A74D9A92DBDD17E00887B02 /* Frameworks */,
				7A74D9AA2DBDD17E00887B02 /* Resources */,
			);
			buildRules = (
			);
			dependencies = (
				7A74D9AE2DBDD17E00887B02 /* PBXTargetDependency */,
			);
			name = CeciStyleAdminTests;
			productName = CeciStyleAdminTests;
			productReference = 7A74D9AC2DBDD17E00887B02 /* CeciStyleAdminTests.xctest */;
			productType = "com.apple.product-type.bundle.unit-test";
		};
		7A74D9B52DBDD17E00887B02 /* CeciStyleAdminUITests */ = {
			isa = PBXNativeTarget;
			buildConfigurationList = 7A74D9C62DBDD17E00887B02 /* Build configuration list for PBXNativeTarget "CeciStyleAdminUITests" */;
			buildPhases = (
				7A74D9B22DBDD17E00887B02 /* Sources */,
				7A74D9B32DBDD17E00887B02 /* Frameworks */,
				7A74D9B42DBDD17E00887B02 /* Resources */,
			);
			buildRules = (
			);
			dependencies = (
				7A74D9B82DBDD17E00887B02 /* PBXTargetDependency */,
			);
			name = CeciStyleAdminUITests;
			productName = CeciStyleAdminUITests;
			productReference = 7A74D9B62DBDD17E00887B02 /* CeciStyleAdminUITests.xctest */;
			productType = "com.apple.product-type.bundle.ui-testing";
		};
/* End PBXNativeTarget section */

/* Begin PBXProject section */
		7A74D9972DBDD17A00887B02 /* Project object */ = {
			isa = PBXProject;
			attributes = {
				BuildIndependentTargetsInParallel = 1;
				LastSwiftUpdateCheck = 1630;
				LastUpgradeCheck = 1630;
				TargetAttributes = {
					7A74D99E2DBDD17A00887B02 = {
						CreatedOnToolsVersion = 16.3;
					};
					7A74D9AB2DBDD17E00887B02 = {
						CreatedOnToolsVersion = 16.3;
						TestTargetID = 7A74D99E2DBDD17A00887B02;
					};
					7A74D9B52DBDD17E00887B02 = {
						CreatedOnToolsVersion = 16.3;
						TestTargetID = 7A74D99E2DBDD17A00887B02;
					};
				};
			};
			buildConfigurationList = 7A74D99A2DBDD17A00887B02 /* Build configuration list for PBXProject "CeciStyleAdmin" */;
			developmentRegion = en;
			hasScannedForEncodings = 0;
			knownRegions = (
				en,
				Base,
			);
			mainGroup = 7A74D9962DBDD17A00887B02;
			minimizedProjectReferenceProxies = 1;
			preferredProjectObjectVersion = 77;
			productRefGroup = 7A74D9A02DBDD17A00887B02 /* Products */;
			projectDirPath = "";
			projectRoot = "";
			targets = (
				7A74D99E2DBDD17A00887B02 /* CeciStyleAdmin */,
				7A74D9AB2DBDD17E00887B02 /* CeciStyleAdminTests */,
				7A74D9B52DBDD17E00887B02 /* CeciStyleAdminUITests */,
			);
		};
/* End PBXProject section */

/* Begin PBXResourcesBuildPhase section */
		7A74D99D2DBDD17A00887B02 /* Resources */ = {
			isa = PBXResourcesBuildPhase;
			buildActionMask = 2147483647;
			files = (
				7A1EA73E2DBFC3F800AD50D7 /* Assets.xcassets in Resources */,
				7AA780572DD7FD1500943FBF /* GoogleService-Info.plist in Resources */,
			);
			runOnlyForDeploymentPostprocessing = 0;
		};
		7A74D9AA2DBDD17E00887B02 /* Resources */ = {
			isa = PBXResourcesBuildPhase;
			buildActionMask = 2147483647;
			files = (
			);
			runOnlyForDeploymentPostprocessing = 0;
		};
		7A74D9B42DBDD17E00887B02 /* Resources */ = {
			isa = PBXResourcesBuildPhase;
			buildActionMask = 2147483647;
			files = (
			);
			runOnlyForDeploymentPostprocessing = 0;
		};
/* End PBXResourcesBuildPhase section */

/* Begin PBXShellScriptBuildPhase section */
		063BC8164DE1C5CF9BBE6292 /* [CP] Embed Pods Frameworks */ = {
			isa = PBXShellScriptBuildPhase;
			buildActionMask = 2147483647;
			files = (
			);
			inputFileListPaths = (
				"${PODS_ROOT}/Target Support Files/Pods-CeciStyleAdmin/Pods-CeciStyleAdmin-frameworks-${CONFIGURATION}-input-files.xcfilelist",
			);
			name = "[CP] Embed Pods Frameworks";
			outputFileListPaths = (
				"${PODS_ROOT}/Target Support Files/Pods-CeciStyleAdmin/Pods-CeciStyleAdmin-frameworks-${CONFIGURATION}-output-files.xcfilelist",
			);
			runOnlyForDeploymentPostprocessing = 0;
			shellPath = /bin/sh;
			shellScript = "\"${PODS_ROOT}/Target Support Files/Pods-CeciStyleAdmin/Pods-CeciStyleAdmin-frameworks.sh\"\n";
			showEnvVarsInLog = 0;
		};
		51FAFD3AA04750341805630E /* [CP] Check Pods Manifest.lock */ = {
			isa = PBXShellScriptBuildPhase;
			buildActionMask = 2147483647;
			files = (
			);
			inputFileListPaths = (
			);
			inputPaths = (
				"${PODS_PODFILE_DIR_PATH}/Podfile.lock",
				"${PODS_ROOT}/Manifest.lock",
			);
			name = "[CP] Check Pods Manifest.lock";
			outputFileListPaths = (
			);
			outputPaths = (
				"$(DERIVED_FILE_DIR)/Pods-CeciStyleAdmin-checkManifestLockResult.txt",
			);
			runOnlyForDeploymentPostprocessing = 0;
			shellPath = /bin/sh;
			shellScript = "diff \"${PODS_PODFILE_DIR_PATH}/Podfile.lock\" \"${PODS_ROOT}/Manifest.lock\" > /dev/null\nif [ $? != 0 ] ; then\n    # print error to STDERR\n    echo \"error: The sandbox is not in sync with the Podfile.lock. Run 'pod install' or update your CocoaPods installation.\" >&2\n    exit 1\nfi\n# This output is used by Xcode 'outputs' to avoid re-running this script phase.\necho \"SUCCESS\" > \"${SCRIPT_OUTPUT_FILE_0}\"\n";
			showEnvVarsInLog = 0;
		};
/* End PBXShellScriptBuildPhase section */

/* Begin PBXSourcesBuildPhase section */
		7A74D99B2DBDD17A00887B02 /* Sources */ = {
			isa = PBXSourcesBuildPhase;
			buildActionMask = 2147483647;
			files = (
				7A1EA7502DC01BFC00AD50D7 /* SettingService.swift in Sources */,
				7A1EA7522DC01CC600AD50D7 /* LogoView.swift in Sources */,
				7A1EA7482DBFF86600AD50D7 /* FaceIDLoginView.swift in Sources */,
				7A1EA74B2DC00DDE00AD50D7 /* TokenInterceptor.swift in Sources */,
				7A1EA7562DC0225D00AD50D7 /* CeciStyleRootView.swift in Sources */,
				7AA780592DD80A0F00943FBF /* NotificationDelegate.swift in Sources */,
				7A1EA75E2DC1077700AD50D7 /* Service.swift in Sources */,
				7A74D9CB2DBDD2F600887B02 /* Appointment.swift in Sources */,
				7A1EA75A2DC0464C00AD50D7 /* AppointmentAddView.swift in Sources */,
				7A1EA7462DBFF35000AD50D7 /* LoginView.swift in Sources */,
				7A1EA7602DC1097600AD50D7 /* ServicesService.swift in Sources */,
				7A1EA75C2DC0466200AD50D7 /* AppointmentEditView.swift in Sources */,
				7A74D9D12DBDEE0100887B02 /* AppointmentListView.swift in Sources */,
				7A1EA7702DC53F4D00AD50D7 /* AppointmentSectionView.swift in Sources */,
				7A1EA7542DC0221100AD50D7 /* SplashScreen.swift in Sources */,
				7A74D9D32DBE053A00887B02 /* AppointmentRow.swift in Sources */,
				7A74D9A52DBDD17A00887B02 /* ContentView.swift in Sources */,
				7A1EA7582DC0455C00AD50D7 /* AppointmentDetailView.swift in Sources */,
				7A74D9A32DBDD17A00887B02 /* CeciStyleAdminApp.swift in Sources */,
				7A1EA76A2DC1FD1800AD50D7 /* Config.swift in Sources */,
				7A1EA74E2DC00DFF00AD50D7 /* SessionManager.swift in Sources */,
				7A74D9CE2DBDD4D600887B02 /* AppointmentService.swift in Sources */,
			);
			runOnlyForDeploymentPostprocessing = 0;
		};
		7A74D9A82DBDD17E00887B02 /* Sources */ = {
			isa = PBXSourcesBuildPhase;
			buildActionMask = 2147483647;
			files = (
			);
			runOnlyForDeploymentPostprocessing = 0;
		};
		7A74D9B22DBDD17E00887B02 /* Sources */ = {
			isa = PBXSourcesBuildPhase;
			buildActionMask = 2147483647;
			files = (
			);
			runOnlyForDeploymentPostprocessing = 0;
		};
/* End PBXSourcesBuildPhase section */

/* Begin PBXTargetDependency section */
		7A74D9AE2DBDD17E00887B02 /* PBXTargetDependency */ = {
			isa = PBXTargetDependency;
			target = 7A74D99E2DBDD17A00887B02 /* CeciStyleAdmin */;
			targetProxy = 7A74D9AD2DBDD17E00887B02 /* PBXContainerItemProxy */;
		};
		7A74D9B82DBDD17E00887B02 /* PBXTargetDependency */ = {
			isa = PBXTargetDependency;
			target = 7A74D99E2DBDD17A00887B02 /* CeciStyleAdmin */;
			targetProxy = 7A74D9B72DBDD17E00887B02 /* PBXContainerItemProxy */;
		};
/* End PBXTargetDependency section */

/* Begin XCBuildConfiguration section */
		7A74D9BE2DBDD17E00887B02 /* Debug */ = {
			isa = XCBuildConfiguration;
			buildSettings = {
				ALWAYS_SEARCH_USER_PATHS = NO;
				ASSETCATALOG_COMPILER_GENERATE_SWIFT_ASSET_SYMBOL_EXTENSIONS = YES;
				CLANG_ANALYZER_NONNULL = YES;
				CLANG_ANALYZER_NUMBER_OBJECT_CONVERSION = YES_AGGRESSIVE;
				CLANG_CXX_LANGUAGE_STANDARD = "gnu++20";
				CLANG_ENABLE_MODULES = YES;
				CLANG_ENABLE_OBJC_ARC = YES;
				CLANG_ENABLE_OBJC_WEAK = YES;
				CLANG_WARN_BLOCK_CAPTURE_AUTORELEASING = YES;
				CLANG_WARN_BOOL_CONVERSION = YES;
				CLANG_WARN_COMMA = YES;
				CLANG_WARN_CONSTANT_CONVERSION = YES;
				CLANG_WARN_DEPRECATED_OBJC_IMPLEMENTATIONS = YES;
				CLANG_WARN_DIRECT_OBJC_ISA_USAGE = YES_ERROR;
				CLANG_WARN_DOCUMENTATION_COMMENTS = YES;
				CLANG_WARN_EMPTY_BODY = YES;
				CLANG_WARN_ENUM_CONVERSION = YES;
				CLANG_WARN_INFINITE_RECURSION = YES;
				CLANG_WARN_INT_CONVERSION = YES;
				CLANG_WARN_NON_LITERAL_NULL_CONVERSION = YES;
				CLANG_WARN_OBJC_IMPLICIT_RETAIN_SELF = YES;
				CLANG_WARN_OBJC_LITERAL_CONVERSION = YES;
				CLANG_WARN_OBJC_ROOT_CLASS = YES_ERROR;
				CLANG_WARN_QUOTED_INCLUDE_IN_FRAMEWORK_HEADER = YES;
				CLANG_WARN_RANGE_LOOP_ANALYSIS = YES;
				CLANG_WARN_STRICT_PROTOTYPES = YES;
				CLANG_WARN_SUSPICIOUS_MOVE = YES;
				CLANG_WARN_UNGUARDED_AVAILABILITY = YES_AGGRESSIVE;
				CLANG_WARN_UNREACHABLE_CODE = YES;
				CLANG_WARN__DUPLICATE_METHOD_MATCH = YES;
				COPY_PHASE_STRIP = NO;
				DEBUG_INFORMATION_FORMAT = dwarf;
				ENABLE_STRICT_OBJC_MSGSEND = YES;
				ENABLE_TESTABILITY = YES;
				ENABLE_USER_SCRIPT_SANDBOXING = YES;
				GCC_C_LANGUAGE_STANDARD = gnu17;
				GCC_DYNAMIC_NO_PIC = NO;
				GCC_NO_COMMON_BLOCKS = YES;
				GCC_OPTIMIZATION_LEVEL = 0;
				GCC_PREPROCESSOR_DEFINITIONS = (
					"DEBUG=1",
					"$(inherited)",
				);
				GCC_WARN_64_TO_32_BIT_CONVERSION = YES;
				GCC_WARN_ABOUT_RETURN_TYPE = YES_ERROR;
				GCC_WARN_UNDECLARED_SELECTOR = YES;
				GCC_WARN_UNINITIALIZED_AUTOS = YES_AGGRESSIVE;
				GCC_WARN_UNUSED_FUNCTION = YES;
				GCC_WARN_UNUSED_VARIABLE = YES;
				INFOPLIST_FILE = "";
				"INFOPLIST_FILE[sdk=*]" = "";
				IPHONEOS_DEPLOYMENT_TARGET = 18.4;
				LOCALIZATION_PREFERS_STRING_CATALOGS = YES;
				MTL_ENABLE_DEBUG_INFO = INCLUDE_SOURCE;
				MTL_FAST_MATH = YES;
				ONLY_ACTIVE_ARCH = YES;
				SDKROOT = iphoneos;
				SWIFT_ACTIVE_COMPILATION_CONDITIONS = "DEBUG $(inherited)";
				SWIFT_OPTIMIZATION_LEVEL = "-Onone";
			};
			name = Debug;
		};
		7A74D9BF2DBDD17E00887B02 /* Release */ = {
			isa = XCBuildConfiguration;
			buildSettings = {
				ALWAYS_SEARCH_USER_PATHS = NO;
				ASSETCATALOG_COMPILER_GENERATE_SWIFT_ASSET_SYMBOL_EXTENSIONS = YES;
				CLANG_ANALYZER_NONNULL = YES;
				CLANG_ANALYZER_NUMBER_OBJECT_CONVERSION = YES_AGGRESSIVE;
				CLANG_CXX_LANGUAGE_STANDARD = "gnu++20";
				CLANG_ENABLE_MODULES = YES;
				CLANG_ENABLE_OBJC_ARC = YES;
				CLANG_ENABLE_OBJC_WEAK = YES;
				CLANG_WARN_BLOCK_CAPTURE_AUTORELEASING = YES;
				CLANG_WARN_BOOL_CONVERSION = YES;
				CLANG_WARN_COMMA = YES;
				CLANG_WARN_CONSTANT_CONVERSION = YES;
				CLANG_WARN_DEPRECATED_OBJC_IMPLEMENTATIONS = YES;
				CLANG_WARN_DIRECT_OBJC_ISA_USAGE = YES_ERROR;
				CLANG_WARN_DOCUMENTATION_COMMENTS = YES;
				CLANG_WARN_EMPTY_BODY = YES;
				CLANG_WARN_ENUM_CONVERSION = YES;
				CLANG_WARN_INFINITE_RECURSION = YES;
				CLANG_WARN_INT_CONVERSION = YES;
				CLANG_WARN_NON_LITERAL_NULL_CONVERSION = YES;
				CLANG_WARN_OBJC_IMPLICIT_RETAIN_SELF = YES;
				CLANG_WARN_OBJC_LITERAL_CONVERSION = YES;
				CLANG_WARN_OBJC_ROOT_CLASS = YES_ERROR;
				CLANG_WARN_QUOTED_INCLUDE_IN_FRAMEWORK_HEADER = YES;
				CLANG_WARN_RANGE_LOOP_ANALYSIS = YES;
				CLANG_WARN_STRICT_PROTOTYPES = YES;
				CLANG_WARN_SUSPICIOUS_MOVE = YES;
				CLANG_WARN_UNGUARDED_AVAILABILITY = YES_AGGRESSIVE;
				CLANG_WARN_UNREACHABLE_CODE = YES;
				CLANG_WARN__DUPLICATE_METHOD_MATCH = YES;
				COPY_PHASE_STRIP = NO;
				DEBUG_INFORMATION_FORMAT = "dwarf-with-dsym";
				ENABLE_NS_ASSERTIONS = NO;
				ENABLE_STRICT_OBJC_MSGSEND = YES;
				ENABLE_USER_SCRIPT_SANDBOXING = YES;
				GCC_C_LANGUAGE_STANDARD = gnu17;
				GCC_NO_COMMON_BLOCKS = YES;
				GCC_WARN_64_TO_32_BIT_CONVERSION = YES;
				GCC_WARN_ABOUT_RETURN_TYPE = YES_ERROR;
				GCC_WARN_UNDECLARED_SELECTOR = YES;
				GCC_WARN_UNINITIALIZED_AUTOS = YES_AGGRESSIVE;
				GCC_WARN_UNUSED_FUNCTION = YES;
				GCC_WARN_UNUSED_VARIABLE = YES;
				INFOPLIST_FILE = "";
				IPHONEOS_DEPLOYMENT_TARGET = 18.4;
				LOCALIZATION_PREFERS_STRING_CATALOGS = YES;
				MTL_ENABLE_DEBUG_INFO = NO;
				MTL_FAST_MATH = YES;
				SDKROOT = iphoneos;
				SWIFT_COMPILATION_MODE = wholemodule;
				VALIDATE_PRODUCT = YES;
			};
			name = Release;
		};
		7A74D9C12DBDD17E00887B02 /* Debug */ = {
			isa = XCBuildConfiguration;
			baseConfigurationReference = 17FF3D66BA34BC22AFB93BD6 /* Pods-CeciStyleAdmin.debug.xcconfig */;
			buildSettings = {
				ASSETCATALOG_COMPILER_APPICON_NAME = AppIcon;
				ASSETCATALOG_COMPILER_GLOBAL_ACCENT_COLOR_NAME = AccentColor;
				ASSETCATALOG_COMPILER_INCLUDE_ALL_APPICON_ASSETS = YES;
				CODE_SIGN_STYLE = Automatic;
				CURRENT_PROJECT_VERSION = 1;
				DEVELOPMENT_TEAM = WA9963N428;
				ENABLE_PREVIEWS = YES;
				GENERATE_INFOPLIST_FILE = YES;
				INFOPLIST_FILE = Info.plist;
				"INFOPLIST_FILE[sdk=*]" = Info.plist;
				INFOPLIST_KEY_UIApplicationSceneManifest_Generation = YES;
				INFOPLIST_KEY_UIApplicationSupportsIndirectInputEvents = YES;
				INFOPLIST_KEY_UILaunchScreen_Generation = YES;
				INFOPLIST_KEY_UISupportedInterfaceOrientations_iPad = "UIInterfaceOrientationPortrait UIInterfaceOrientationPortraitUpsideDown UIInterfaceOrientationLandscapeLeft UIInterfaceOrientationLandscapeRight";
				INFOPLIST_KEY_UISupportedInterfaceOrientations_iPhone = "UIInterfaceOrientationPortrait UIInterfaceOrientationLandscapeLeft UIInterfaceOrientationLandscapeRight";
				LD_RUNPATH_SEARCH_PATHS = (
					"$(inherited)",
					"@executable_path/Frameworks",
				);
				MARKETING_VERSION = 1.0;
				PRODUCT_BUNDLE_IDENTIFIER = com.geanvallejos.cecistyleadmin;
				PRODUCT_NAME = "$(TARGET_NAME)";
				SWIFT_EMIT_LOC_STRINGS = YES;
				SWIFT_VERSION = 5.0;
				TARGETED_DEVICE_FAMILY = "1,2";
			};
			name = Debug;
		};
		7A74D9C22DBDD17E00887B02 /* Release */ = {
			isa = XCBuildConfiguration;
			baseConfigurationReference = 757EA5F825B05F781B686870 /* Pods-CeciStyleAdmin.release.xcconfig */;
			buildSettings = {
				ASSETCATALOG_COMPILER_APPICON_NAME = AppIcon;
				ASSETCATALOG_COMPILER_GLOBAL_ACCENT_COLOR_NAME = AccentColor;
				ASSETCATALOG_COMPILER_INCLUDE_ALL_APPICON_ASSETS = YES;
				CODE_SIGN_STYLE = Automatic;
				CURRENT_PROJECT_VERSION = 1;
				DEVELOPMENT_TEAM = WA9963N428;
				ENABLE_PREVIEWS = YES;
				GENERATE_INFOPLIST_FILE = YES;
				INFOPLIST_FILE = Info.plist;
				INFOPLIST_KEY_UIApplicationSceneManifest_Generation = YES;
				INFOPLIST_KEY_UIApplicationSupportsIndirectInputEvents = YES;
				INFOPLIST_KEY_UILaunchScreen_Generation = YES;
				INFOPLIST_KEY_UISupportedInterfaceOrientations_iPad = "UIInterfaceOrientationPortrait UIInterfaceOrientationPortraitUpsideDown UIInterfaceOrientationLandscapeLeft UIInterfaceOrientationLandscapeRight";
				INFOPLIST_KEY_UISupportedInterfaceOrientations_iPhone = "UIInterfaceOrientationPortrait UIInterfaceOrientationLandscapeLeft UIInterfaceOrientationLandscapeRight";
				LD_RUNPATH_SEARCH_PATHS = (
					"$(inherited)",
					"@executable_path/Frameworks",
				);
				MARKETING_VERSION = 1.0;
				PRODUCT_BUNDLE_IDENTIFIER = com.geanvallejos.cecistyleadmin;
				PRODUCT_NAME = "$(TARGET_NAME)";
				SWIFT_EMIT_LOC_STRINGS = YES;
				SWIFT_VERSION = 5.0;
				TARGETED_DEVICE_FAMILY = "1,2";
			};
			name = Release;
		};
		7A74D9C42DBDD17E00887B02 /* Debug */ = {
			isa = XCBuildConfiguration;
			buildSettings = {
				BUNDLE_LOADER = "$(TEST_HOST)";
				CODE_SIGN_STYLE = Automatic;
				CURRENT_PROJECT_VERSION = 1;
				GENERATE_INFOPLIST_FILE = YES;
				IPHONEOS_DEPLOYMENT_TARGET = 18.4;
				MARKETING_VERSION = 1.0;
				PRODUCT_BUNDLE_IDENTIFIER = cecistyle.org.CeciStyleAdminTests;
				PRODUCT_NAME = "$(TARGET_NAME)";
				SWIFT_EMIT_LOC_STRINGS = NO;
				SWIFT_VERSION = 5.0;
				TARGETED_DEVICE_FAMILY = "1,2";
				TEST_HOST = "$(BUILT_PRODUCTS_DIR)/CeciStyleAdmin.app/$(BUNDLE_EXECUTABLE_FOLDER_PATH)/CeciStyleAdmin";
			};
			name = Debug;
		};
		7A74D9C52DBDD17E00887B02 /* Release */ = {
			isa = XCBuildConfiguration;
			buildSettings = {
				BUNDLE_LOADER = "$(TEST_HOST)";
				CODE_SIGN_STYLE = Automatic;
				CURRENT_PROJECT_VERSION = 1;
				GENERATE_INFOPLIST_FILE = YES;
				IPHONEOS_DEPLOYMENT_TARGET = 18.4;
				MARKETING_VERSION = 1.0;
				PRODUCT_BUNDLE_IDENTIFIER = cecistyle.org.CeciStyleAdminTests;
				PRODUCT_NAME = "$(TARGET_NAME)";
				SWIFT_EMIT_LOC_STRINGS = NO;
				SWIFT_VERSION = 5.0;
				TARGETED_DEVICE_FAMILY = "1,2";
				TEST_HOST = "$(BUILT_PRODUCTS_DIR)/CeciStyleAdmin.app/$(BUNDLE_EXECUTABLE_FOLDER_PATH)/CeciStyleAdmin";
			};
			name = Release;
		};
		7A74D9C72DBDD17E00887B02 /* Debug */ = {
			isa = XCBuildConfiguration;
			buildSettings = {
				CODE_SIGN_STYLE = Automatic;
				CURRENT_PROJECT_VERSION = 1;
				GENERATE_INFOPLIST_FILE = YES;
				MARKETING_VERSION = 1.0;
				PRODUCT_BUNDLE_IDENTIFIER = cecistyle.org.CeciStyleAdminUITests;
				PRODUCT_NAME = "$(TARGET_NAME)";
				SWIFT_EMIT_LOC_STRINGS = NO;
				SWIFT_VERSION = 5.0;
				TARGETED_DEVICE_FAMILY = "1,2";
				TEST_TARGET_NAME = CeciStyleAdmin;
			};
			name = Debug;
		};
		7A74D9C82DBDD17E00887B02 /* Release */ = {
			isa = XCBuildConfiguration;
			buildSettings = {
				CODE_SIGN_STYLE = Automatic;
				CURRENT_PROJECT_VERSION = 1;
				GENERATE_INFOPLIST_FILE = YES;
				MARKETING_VERSION = 1.0;
				PRODUCT_BUNDLE_IDENTIFIER = cecistyle.org.CeciStyleAdminUITests;
				PRODUCT_NAME = "$(TARGET_NAME)";
				SWIFT_EMIT_LOC_STRINGS = NO;
				SWIFT_VERSION = 5.0;
				TARGETED_DEVICE_FAMILY = "1,2";
				TEST_TARGET_NAME = CeciStyleAdmin;
			};
			name = Release;
		};
/* End XCBuildConfiguration section */

/* Begin XCConfigurationList section */
		7A74D99A2DBDD17A00887B02 /* Build configuration list for PBXProject "CeciStyleAdmin" */ = {
			isa = XCConfigurationList;
			buildConfigurations = (
				7A74D9BE2DBDD17E00887B02 /* Debug */,
				7A74D9BF2DBDD17E00887B02 /* Release */,
			);
			defaultConfigurationIsVisible = 0;
			defaultConfigurationName = Release;
		};
		7A74D9C02DBDD17E00887B02 /* Build configuration list for PBXNativeTarget "CeciStyleAdmin" */ = {
			isa = XCConfigurationList;
			buildConfigurations = (
				7A74D9C12DBDD17E00887B02 /* Debug */,
				7A74D9C22DBDD17E00887B02 /* Release */,
			);
			defaultConfigurationIsVisible = 0;
			defaultConfigurationName = Release;
		};
		7A74D9C32DBDD17E00887B02 /* Build configuration list for PBXNativeTarget "CeciStyleAdminTests" */ = {
			isa = XCConfigurationList;
			buildConfigurations = (
				7A74D9C42DBDD17E00887B02 /* Debug */,
				7A74D9C52DBDD17E00887B02 /* Release */,
			);
			defaultConfigurationIsVisible = 0;
			defaultConfigurationName = Release;
		};
		7A74D9C62DBDD17E00887B02 /* Build configuration list for PBXNativeTarget "CeciStyleAdminUITests" */ = {
			isa = XCConfigurationList;
			buildConfigurations = (
				7A74D9C72DBDD17E00887B02 /* Debug */,
				7A74D9C82DBDD17E00887B02 /* Release */,
			);
			defaultConfigurationIsVisible = 0;
			defaultConfigurationName = Release;
		};
/* End XCConfigurationList section */
	};
	rootObject = 7A74D9972DBDD17A00887B02 /* Project object */;
}
